
Microsoft Visual Studio Solution File, Format Version 12.00
# Visual Studio Version 17
VisualStudioVersion = 17.14.36203.30 d17.14
MinimumVisualStudioVersion = 10.0.40219.1
Project("{FAE04EC0-301F-11D3-BF4B-00C04F79EFBC}") = "COP4504", "COP4504.csproj", "{DECDBC0D-A416-4C6A-B078-EDCB47D0541A}"
EndProject
Global
	GlobalSection(SolutionConfigurationPlatforms) = preSolution
		Debug|Any CPU = Debug|Any CPU
		Release|Any CPU = Release|Any CPU
	EndGlobalSection
	GlobalSection(ProjectConfigurationPlatforms) = postSolution
		{DECDBC0D-A416-4C6A-B078-EDCB47D0541A}.Debug|Any CPU.ActiveCfg = Debug|Any CPU
		{DECDBC0D-A416-4C6A-B078-EDCB47D0541A}.Debug|Any CPU.Build.0 = Debug|Any CPU
		{DECDBC0D-A416-4C6A-B078-EDCB47D0541A}.Release|Any CPU.ActiveCfg = Release|Any CPU
		{DECDBC0D-A416-4C6A-B078-EDCB47D0541A}.Release|Any CPU.Build.0 = Release|Any CPU
	EndGlobalSection
	GlobalSection(SolutionProperties) = preSolution
		HideSolutionNode = FALSE
	EndGlobalSection
	GlobalSection(ExtensibilityGlobals) = postSolution
		SolutionGuid = {FC9DD495-1560-475E-A85E-93D84A629EA1}
	EndGlobalSection
EndGlobal
